
Microsoft Visual Studio Solution File, Format Version 12.00
# Visual Studio Version 17
VisualStudioVersion = 17.10.34928.147
MinimumVisualStudioVersion = 10.0.40219.1
Project("{FAE04EC0-301F-11D3-BF4B-00C04F79EFBC}") = "Week2", "Week2\Week2.csproj", "{9ABD6108-023E-4359-AA83-E1DD8467E0DD}"
EndProject
Project("{FAE04EC0-301F-11D3-BF4B-00C04F79EFBC}") = "UserGenderValidation", "UserAgeValidation\UserGenderValidation.csproj", "{2198F70E-45A9-490A-916F-502AFD6D82FA}"
EndProject
Project("{FAE04EC0-301F-11D3-BF4B-00C04F79EFBC}") = "UserAgeValidation1", "UserAgeValidation1\UserAgeValidation1.csproj", "{827CC472-BB56-4236-A921-4FF2FCD2388D}"
EndProject
Global
	GlobalSection(SolutionConfigurationPlatforms) = preSolution
		Debug|Any CPU = Debug|Any CPU
		Release|Any CPU = Release|Any CPU
	EndGlobalSection
	GlobalSection(ProjectConfigurationPlatforms) = postSolution
		{9ABD6108-023E-4359-AA83-E1DD8467E0DD}.Debug|Any CPU.ActiveCfg = Debug|Any CPU
		{9ABD6108-023E-4359-AA83-E1DD8467E0DD}.Debug|Any CPU.Build.0 = Debug|Any CPU
		{9ABD6108-023E-4359-AA83-E1DD8467E0DD}.Release|Any CPU.ActiveCfg = Release|Any CPU
		{9ABD6108-023E-4359-AA83-E1DD8467E0DD}.Release|Any CPU.Build.0 = Release|Any CPU
		{2198F70E-45A9-490A-916F-502AFD6D82FA}.Debug|Any CPU.ActiveCfg = Debug|Any CPU
		{2198F70E-45A9-490A-916F-502AFD6D82FA}.Debug|Any CPU.Build.0 = Debug|Any CPU
		{2198F70E-45A9-490A-916F-502AFD6D82FA}.Release|Any CPU.ActiveCfg = Release|Any CPU
		{2198F70E-45A9-490A-916F-502AFD6D82FA}.Release|Any CPU.Build.0 = Release|Any CPU
		{827CC472-BB56-4236-A921-4FF2FCD2388D}.Debug|Any CPU.ActiveCfg = Debug|Any CPU
		{827CC472-BB56-4236-A921-4FF2FCD2388D}.Debug|Any CPU.Build.0 = Debug|Any CPU
		{827CC472-BB56-4236-A921-4FF2FCD2388D}.Release|Any CPU.ActiveCfg = Release|Any CPU
		{827CC472-BB56-4236-A921-4FF2FCD2388D}.Release|Any CPU.Build.0 = Release|Any CPU
	EndGlobalSection
	GlobalSection(SolutionProperties) = preSolution
		HideSolutionNode = FALSE
	EndGlobalSection
	GlobalSection(ExtensibilityGlobals) = postSolution
		SolutionGuid = {E9C8226E-0F3F-4B93-AD15-04D62DA6D05E}
	EndGlobalSection
EndGlobal
